
Microsoft Visual Studio Solution File, Format Version 12.00
# Visual Studio Version 17
VisualStudioVersion = 17.8.34330.188
MinimumVisualStudioVersion = 10.0.40219.1
Project("{FAE04EC0-301F-11D3-BF4B-00C04F79EFBC}") = "AerotorViewLog_3.0", "AerotorViewLog_3.0\AerotorViewLog_3.0.csproj", "{AD8F9A64-D15D-4159-B1DE-843B279C0064}"
EndProject
Global
	GlobalSection(SolutionConfigurationPlatforms) = preSolution
		Debug|Any CPU = Debug|Any CPU
		Release|Any CPU = Release|Any CPU
	EndGlobalSection
	GlobalSection(ProjectConfigurationPlatforms) = postSolution
		{AD8F9A64-D15D-4159-B1DE-843B279C0064}.Debug|Any CPU.ActiveCfg = Debug|Any CPU
		{AD8F9A64-D15D-4159-B1DE-843B279C0064}.Debug|Any CPU.Build.0 = Debug|Any CPU
		{AD8F9A64-D15D-4159-B1DE-843B279C0064}.Release|Any CPU.ActiveCfg = Release|Any CPU
		{AD8F9A64-D15D-4159-B1DE-843B279C0064}.Release|Any CPU.Build.0 = Release|Any CPU
	EndGlobalSection
	GlobalSection(SolutionProperties) = preSolution
		HideSolutionNode = FALSE
	EndGlobalSection
	GlobalSection(ExtensibilityGlobals) = postSolution
		SolutionGuid = {6782DBFA-5732-4C75-945F-27213D347D9D}
	EndGlobalSection
EndGlobal
